{
  "name": "zooferma",
  "lockfileVersion": 3,
  "requires": true,
  "packages": {
    "": {
      "dependencies": {
        "underscore": "^1.13.7"
      },
      "devDependencies": {
        "@types/underscore": "^1.13.0"
      }
    },
    "node_modules/@types/underscore": {
      "version": "1.13.0",
      "resolved": "https://registry.npmjs.org/@types/underscore/-/underscore-1.13.0.tgz",
      "integrity": "sha512-L6LBgy1f0EFQZ+7uSA57+n2g/s4Qs5r06Vwrwn0/nuK1de+adz00NWaztRQ30aEqw5qOaWbPI8u2cGQ52lj6VA==",
      "dev": true
    },
    "node_modules/underscore": {
      "version": "1.13.7",
      "resolved": "https://registry.npmjs.org/underscore/-/underscore-1.13.7.tgz",
      "integrity": "sha512-GMXzWtsc57XAtguZgaQViUOzs0KTkk8ojr3/xAxXLITqf/3EMwxC0inyETfDFjH/Krbhuep0HNbbjI9i/q3F3g=="
    }
  }
}
